// !$*UTF8*$!
{
	archiveVersion = 1;
	classes = {
	};
	objectVersion = 56;
	objects = {

/* Begin PBXBuildFile section */
		4222E1BD2AF6D346007764B3 /* ToyotAssistApp.swift in Sources */ = {isa = PBXBuildFile; fileRef = 4222E1BC2AF6D346007764B3 /* ToyotAssistApp.swift */; };
		4222E1BF2AF6D346007764B3 /* ContentView.swift in Sources */ = {isa = PBXBuildFile; fileRef = 4222E1BE2AF6D346007764B3 /* ContentView.swift */; };
		4222E1C12AF6D348007764B3 /* Assets.xcassets in Resources */ = {isa = PBXBuildFile; fileRef = 4222E1C02AF6D348007764B3 /* Assets.xcassets */; };
		4222E1C42AF6D348007764B3 /* Preview Assets.xcassets in Resources */ = {isa = PBXBuildFile; fileRef = 4222E1C32AF6D348007764B3 /* Preview Assets.xcassets */; };
		4222E1CB2AF6D3F9007764B3 /* ReportIntent.swift in Sources */ = {isa = PBXBuildFile; fileRef = 4222E1CA2AF6D3F9007764B3 /* ReportIntent.swift */; };
		4222E1CD2AF6D42A007764B3 /* Report.swift in Sources */ = {isa = PBXBuildFile; fileRef = 4222E1CC2AF6D42A007764B3 /* Report.swift */; };
		4222E1D12AF6E351007764B3 /* GoogleService-Info.plist in Resources */ = {isa = PBXBuildFile; fileRef = 4222E1D02AF6E351007764B3 /* GoogleService-Info.plist */; };
		4222E1D42AF6E79F007764B3 /* FirebaseMessaging in Frameworks */ = {isa = PBXBuildFile; productRef = 4222E1D32AF6E79F007764B3 /* FirebaseMessaging */; };
		4222E1D62AF6E8D1007764B3 /* NotificationsManager.swift in Sources */ = {isa = PBXBuildFile; fileRef = 4222E1D52AF6E8D1007764B3 /* NotificationsManager.swift */; };
		4222E1D92AF6F5FA007764B3 /* NotificationView.swift in Sources */ = {isa = PBXBuildFile; fileRef = 4222E1D82AF6F5FA007764B3 /* NotificationView.swift */; };
		4222E1DB2AF7189C007764B3 /* NotFirebaseKey.swift in Sources */ = {isa = PBXBuildFile; fileRef = 4222E1DA2AF7189C007764B3 /* NotFirebaseKey.swift */; };
/* End PBXBuildFile section */

/* Begin PBXFileReference section */
		4222E1B92AF6D346007764B3 /* ToyotAssist.app */ = {isa = PBXFileReference; explicitFileType = wrapper.application; includeInIndex = 0; path = ToyotAssist.app; sourceTree = BUILT_PRODUCTS_DIR; };
		4222E1BC2AF6D346007764B3 /* ToyotAssistApp.swift */ = {isa = PBXFileReference; lastKnownFileType = sourcecode.swift; path = ToyotAssistApp.swift; sourceTree = "<group>"; };
		4222E1BE2AF6D346007764B3 /* ContentView.swift */ = {isa = PBXFileReference; lastKnownFileType = sourcecode.swift; path = ContentView.swift; sourceTree = "<group>"; };
		4222E1C02AF6D348007764B3 /* Assets.xcassets */ = {isa = PBXFileReference; lastKnownFileType = folder.assetcatalog; path = Assets.xcassets; sourceTree = "<group>"; };
		4222E1C32AF6D348007764B3 /* Preview Assets.xcassets */ = {isa = PBXFileReference; lastKnownFileType = folder.assetcatalog; path = "Preview Assets.xcassets"; sourceTree = "<group>"; };
		4222E1CA2AF6D3F9007764B3 /* ReportIntent.swift */ = {isa = PBXFileReference; lastKnownFileType = sourcecode.swift; path = ReportIntent.swift; sourceTree = "<group>"; };
		4222E1CC2AF6D42A007764B3 /* Report.swift */ = {isa = PBXFileReference; lastKnownFileType = sourcecode.swift; path = Report.swift; sourceTree = "<group>"; };
		4222E1CE2AF6E0A2007764B3 /* ToyotAssist.entitlements */ = {isa = PBXFileReference; lastKnownFileType = text.plist.entitlements; path = ToyotAssist.entitlements; sourceTree = "<group>"; };
		4222E1CF2AF6E0E1007764B3 /* Info.plist */ = {isa = PBXFileReference; lastKnownFileType = text.plist; path = Info.plist; sourceTree = "<group>"; };
		4222E1D02AF6E351007764B3 /* GoogleService-Info.plist */ = {isa = PBXFileReference; fileEncoding = 4; lastKnownFileType = text.plist.xml; path = "GoogleService-Info.plist"; sourceTree = "<group>"; };
		4222E1D52AF6E8D1007764B3 /* NotificationsManager.swift */ = {isa = PBXFileReference; lastKnownFileType = sourcecode.swift; path = NotificationsManager.swift; sourceTree = "<group>"; };
		4222E1D82AF6F5FA007764B3 /* NotificationView.swift */ = {isa = PBXFileReference; lastKnownFileType = sourcecode.swift; path = NotificationView.swift; sourceTree = "<group>"; };
		4222E1DA2AF7189C007764B3 /* NotFirebaseKey.swift */ = {isa = PBXFileReference; lastKnownFileType = sourcecode.swift; path = NotFirebaseKey.swift; sourceTree = "<group>"; };
/* End PBXFileReference section */

/* Begin PBXFrameworksBuildPhase section */
		4222E1B62AF6D346007764B3 /* Frameworks */ = {
			isa = PBXFrameworksBuildPhase;
			buildActionMask = 2147483647;
			files = (
				4222E1D42AF6E79F007764B3 /* FirebaseMessaging in Frameworks */,
			);
			runOnlyForDeploymentPostprocessing = 0;
		};
/* End PBXFrameworksBuildPhase section */

/* Begin PBXGroup section */
		4222E1B02AF6D346007764B3 = {
			isa = PBXGroup;
			children = (
				4222E1BB2AF6D346007764B3 /* ToyotAssist */,
				4222E1BA2AF6D346007764B3 /* Products */,
			);
			sourceTree = "<group>";
		};
		4222E1BA2AF6D346007764B3 /* Products */ = {
			isa = PBXGroup;
			children = (
				4222E1B92AF6D346007764B3 /* ToyotAssist.app */,
			);
			name = Products;
			sourceTree = "<group>";
		};
		4222E1BB2AF6D346007764B3 /* ToyotAssist */ = {
			isa = PBXGroup;
			children = (
				4222E1D02AF6E351007764B3 /* GoogleService-Info.plist */,
				4222E1CF2AF6E0E1007764B3 /* Info.plist */,
				4222E1CE2AF6E0A2007764B3 /* ToyotAssist.entitlements */,
				4222E1BC2AF6D346007764B3 /* ToyotAssistApp.swift */,
				4222E1D72AF6F5CA007764B3 /* View */,
				4222E1D52AF6E8D1007764B3 /* NotificationsManager.swift */,
				4222E1DA2AF7189C007764B3 /* NotFirebaseKey.swift */,
				4222E1CC2AF6D42A007764B3 /* Report.swift */,
				4222E1CA2AF6D3F9007764B3 /* ReportIntent.swift */,
				4222E1C02AF6D348007764B3 /* Assets.xcassets */,
				4222E1C22AF6D348007764B3 /* Preview Content */,
			);
			path = ToyotAssist;
			sourceTree = "<group>";
		};
		4222E1C22AF6D348007764B3 /* Preview Content */ = {
			isa = PBXGroup;
			children = (
				4222E1C32AF6D348007764B3 /* Preview Assets.xcassets */,
			);
			path = "Preview Content";
			sourceTree = "<group>";
		};
		4222E1D72AF6F5CA007764B3 /* View */ = {
			isa = PBXGroup;
			children = (
				4222E1BE2AF6D346007764B3 /* ContentView.swift */,
				4222E1D82AF6F5FA007764B3 /* NotificationView.swift */,
			);
			path = View;
			sourceTree = "<group>";
		};
/* End PBXGroup section */

/* Begin PBXNativeTarget section */
		4222E1B82AF6D346007764B3 /* ToyotAssist */ = {
			isa = PBXNativeTarget;
			buildConfigurationList = 4222E1C72AF6D348007764B3 /* Build configuration list for PBXNativeTarget "ToyotAssist" */;
			buildPhases = (
				4222E1B52AF6D346007764B3 /* Sources */,
				4222E1B62AF6D346007764B3 /* Frameworks */,
				4222E1B72AF6D346007764B3 /* Resources */,
			);
			buildRules = (
			);
			dependencies = (
			);
			name = ToyotAssist;
			packageProductDependencies = (
				4222E1D32AF6E79F007764B3 /* FirebaseMessaging */,
			);
			productName = ToyotAssist;
			productReference = 4222E1B92AF6D346007764B3 /* ToyotAssist.app */;
			productType = "com.apple.product-type.application";
		};
/* End PBXNativeTarget section */

/* Begin PBXProject section */
		4222E1B12AF6D346007764B3 /* Project object */ = {
			isa = PBXProject;
			attributes = {
				BuildIndependentTargetsInParallel = 1;
				LastSwiftUpdateCheck = 1500;
				LastUpgradeCheck = 1500;
				TargetAttributes = {
					4222E1B82AF6D346007764B3 = {
						CreatedOnToolsVersion = 15.0.1;
					};
				};
			};
			buildConfigurationList = 4222E1B42AF6D346007764B3 /* Build configuration list for PBXProject "ToyotAssist" */;
			compatibilityVersion = "Xcode 14.0";
			developmentRegion = en;
			hasScannedForEncodings = 0;
			knownRegions = (
				en,
				Base,
			);
			mainGroup = 4222E1B02AF6D346007764B3;
			packageReferences = (
				4222E1D22AF6E79F007764B3 /* XCRemoteSwiftPackageReference "firebase-ios-sdk" */,
			);
			productRefGroup = 4222E1BA2AF6D346007764B3 /* Products */;
			projectDirPath = "";
			projectRoot = "";
			targets = (
				4222E1B82AF6D346007764B3 /* ToyotAssist */,
			);
		};
/* End PBXProject section */

/* Begin PBXResourcesBuildPhase section */
		4222E1B72AF6D346007764B3 /* Resources */ = {
			isa = PBXResourcesBuildPhase;
			buildActionMask = 2147483647;
			files = (
				4222E1C42AF6D348007764B3 /* Preview Assets.xcassets in Resources */,
				4222E1C12AF6D348007764B3 /* Assets.xcassets in Resources */,
				4222E1D12AF6E351007764B3 /* GoogleService-Info.plist in Resources */,
			);
			runOnlyForDeploymentPostprocessing = 0;
		};
/* End PBXResourcesBuildPhase section */

/* Begin PBXSourcesBuildPhase section */
		4222E1B52AF6D346007764B3 /* Sources */ = {
			isa = PBXSourcesBuildPhase;
			buildActionMask = 2147483647;
			files = (
				4222E1BF2AF6D346007764B3 /* ContentView.swift in Sources */,
				4222E1CB2AF6D3F9007764B3 /* ReportIntent.swift in Sources */,
				4222E1BD2AF6D346007764B3 /* ToyotAssistApp.swift in Sources */,
				4222E1D62AF6E8D1007764B3 /* NotificationsManager.swift in Sources */,
				4222E1CD2AF6D42A007764B3 /* Report.swift in Sources */,
				4222E1D92AF6F5FA007764B3 /* NotificationView.swift in Sources */,
				4222E1DB2AF7189C007764B3 /* NotFirebaseKey.swift in Sources */,
			);
			runOnlyForDeploymentPostprocessing = 0;
		};
/* End PBXSourcesBuildPhase section */

/* Begin XCBuildConfiguration section */
		4222E1C52AF6D348007764B3 /* Debug */ = {
			isa = XCBuildConfiguration;
			buildSettings = {
				ALWAYS_SEARCH_USER_PATHS = NO;
				ASSETCATALOG_COMPILER_GENERATE_SWIFT_ASSET_SYMBOL_EXTENSIONS = YES;
				CLANG_ANALYZER_NONNULL = YES;
				CLANG_ANALYZER_NUMBER_OBJECT_CONVERSION = YES_AGGRESSIVE;
				CLANG_CXX_LANGUAGE_STANDARD = "gnu++20";
				CLANG_ENABLE_MODULES = YES;
				CLANG_ENABLE_OBJC_ARC = YES;
				CLANG_ENABLE_OBJC_WEAK = YES;
				CLANG_WARN_BLOCK_CAPTURE_AUTORELEASING = YES;
				CLANG_WARN_BOOL_CONVERSION = YES;
				CLANG_WARN_COMMA = YES;
				CLANG_WARN_CONSTANT_CONVERSION = YES;
				CLANG_WARN_DEPRECATED_OBJC_IMPLEMENTATIONS = YES;
				CLANG_WARN_DIRECT_OBJC_ISA_USAGE = YES_ERROR;
				CLANG_WARN_DOCUMENTATION_COMMENTS = YES;
				CLANG_WARN_EMPTY_BODY = YES;
				CLANG_WARN_ENUM_CONVERSION = YES;
				CLANG_WARN_INFINITE_RECURSION = YES;
				CLANG_WARN_INT_CONVERSION = YES;
				CLANG_WARN_NON_LITERAL_NULL_CONVERSION = YES;
				CLANG_WARN_OBJC_IMPLICIT_RETAIN_SELF = YES;
				CLANG_WARN_OBJC_LITERAL_CONVERSION = YES;
				CLANG_WARN_OBJC_ROOT_CLASS = YES_ERROR;
				CLANG_WARN_QUOTED_INCLUDE_IN_FRAMEWORK_HEADER = YES;
				CLANG_WARN_RANGE_LOOP_ANALYSIS = YES;
				CLANG_WARN_STRICT_PROTOTYPES = YES;
				CLANG_WARN_SUSPICIOUS_MOVE = YES;
				CLANG_WARN_UNGUARDED_AVAILABILITY = YES_AGGRESSIVE;
				CLANG_WARN_UNREACHABLE_CODE = YES;
				CLANG_WARN__DUPLICATE_METHOD_MATCH = YES;
				COPY_PHASE_STRIP = NO;
				DEBUG_INFORMATION_FORMAT = dwarf;
				ENABLE_STRICT_OBJC_MSGSEND = YES;
				ENABLE_TESTABILITY = YES;
				ENABLE_USER_SCRIPT_SANDBOXING = YES;
				GCC_C_LANGUAGE_STANDARD = gnu17;
				GCC_DYNAMIC_NO_PIC = NO;
				GCC_NO_COMMON_BLOCKS = YES;
				GCC_OPTIMIZATION_LEVEL = 0;
				GCC_PREPROCESSOR_DEFINITIONS = (
					"DEBUG=1",
					"$(inherited)",
				);
				GCC_WARN_64_TO_32_BIT_CONVERSION = YES;
				GCC_WARN_ABOUT_RETURN_TYPE = YES_ERROR;
				GCC_WARN_UNDECLARED_SELECTOR = YES;
				GCC_WARN_UNINITIALIZED_AUTOS = YES_AGGRESSIVE;
				GCC_WARN_UNUSED_FUNCTION = YES;
				GCC_WARN_UNUSED_VARIABLE = YES;
				IPHONEOS_DEPLOYMENT_TARGET = 16.0;
				LOCALIZATION_PREFERS_STRING_CATALOGS = YES;
				MTL_ENABLE_DEBUG_INFO = INCLUDE_SOURCE;
				MTL_FAST_MATH = YES;
				ONLY_ACTIVE_ARCH = YES;
				SDKROOT = iphoneos;
				SWIFT_ACTIVE_COMPILATION_CONDITIONS = "DEBUG $(inherited)";
				SWIFT_OPTIMIZATION_LEVEL = "-Onone";
			};
			name = Debug;
		};
		4222E1C62AF6D348007764B3 /* Release */ = {
			isa = XCBuildConfiguration;
			buildSettings = {
				ALWAYS_SEARCH_USER_PATHS = NO;
				ASSETCATALOG_COMPILER_GENERATE_SWIFT_ASSET_SYMBOL_EXTENSIONS = YES;
				CLANG_ANALYZER_NONNULL = YES;
				CLANG_ANALYZER_NUMBER_OBJECT_CONVERSION = YES_AGGRESSIVE;
				CLANG_CXX_LANGUAGE_STANDARD = "gnu++20";
				CLANG_ENABLE_MODULES = YES;
				CLANG_ENABLE_OBJC_ARC = YES;
				CLANG_ENABLE_OBJC_WEAK = YES;
				CLANG_WARN_BLOCK_CAPTURE_AUTORELEASING = YES;
				CLANG_WARN_BOOL_CONVERSION = YES;
				CLANG_WARN_COMMA = YES;
				CLANG_WARN_CONSTANT_CONVERSION = YES;
				CLANG_WARN_DEPRECATED_OBJC_IMPLEMENTATIONS = YES;
				CLANG_WARN_DIRECT_OBJC_ISA_USAGE = YES_ERROR;
				CLANG_WARN_DOCUMENTATION_COMMENTS = YES;
				CLANG_WARN_EMPTY_BODY = YES;
				CLANG_WARN_ENUM_CONVERSION = YES;
				CLANG_WARN_INFINITE_RECURSION = YES;
				CLANG_WARN_INT_CONVERSION = YES;
				CLANG_WARN_NON_LITERAL_NULL_CONVERSION = YES;
				CLANG_WARN_OBJC_IMPLICIT_RETAIN_SELF = YES;
				CLANG_WARN_OBJC_LITERAL_CONVERSION = YES;
				CLANG_WARN_OBJC_ROOT_CLASS = YES_ERROR;
				CLANG_WARN_QUOTED_INCLUDE_IN_FRAMEWORK_HEADER = YES;
				CLANG_WARN_RANGE_LOOP_ANALYSIS = YES;
				CLANG_WARN_STRICT_PROTOTYPES = YES;
				CLANG_WARN_SUSPICIOUS_MOVE = YES;
				CLANG_WARN_UNGUARDED_AVAILABILITY = YES_AGGRESSIVE;
				CLANG_WARN_UNREACHABLE_CODE = YES;
				CLANG_WARN__DUPLICATE_METHOD_MATCH = YES;
				COPY_PHASE_STRIP = NO;
				DEBUG_INFORMATION_FORMAT = "dwarf-with-dsym";
				ENABLE_NS_ASSERTIONS = NO;
				ENABLE_STRICT_OBJC_MSGSEND = YES;
				ENABLE_USER_SCRIPT_SANDBOXING = YES;
				GCC_C_LANGUAGE_STANDARD = gnu17;
				GCC_NO_COMMON_BLOCKS = YES;
				GCC_WARN_64_TO_32_BIT_CONVERSION = YES;
				GCC_WARN_ABOUT_RETURN_TYPE = YES_ERROR;
				GCC_WARN_UNDECLARED_SELECTOR = YES;
				GCC_WARN_UNINITIALIZED_AUTOS = YES_AGGRESSIVE;
				GCC_WARN_UNUSED_FUNCTION = YES;
				GCC_WARN_UNUSED_VARIABLE = YES;
				IPHONEOS_DEPLOYMENT_TARGET = 16.0;
				LOCALIZATION_PREFERS_STRING_CATALOGS = YES;
				MTL_ENABLE_DEBUG_INFO = NO;
				MTL_FAST_MATH = YES;
				SDKROOT = iphoneos;
				SWIFT_COMPILATION_MODE = wholemodule;
				VALIDATE_PRODUCT = YES;
			};
			name = Release;
		};
		4222E1C82AF6D348007764B3 /* Debug */ = {
			isa = XCBuildConfiguration;
			buildSettings = {
				ASSETCATALOG_COMPILER_APPICON_NAME = AppIcon;
				ASSETCATALOG_COMPILER_GLOBAL_ACCENT_COLOR_NAME = AccentColor;
				CODE_SIGN_ENTITLEMENTS = ToyotAssist/ToyotAssist.entitlements;
				CODE_SIGN_STYLE = Automatic;
				CURRENT_PROJECT_VERSION = 1;
				DEVELOPMENT_ASSET_PATHS = "\"ToyotAssist/Preview Content\"";
				DEVELOPMENT_TEAM = T76274KP97;
				ENABLE_PREVIEWS = YES;
				GENERATE_INFOPLIST_FILE = YES;
				INFOPLIST_FILE = ToyotAssist/Info.plist;
				INFOPLIST_KEY_UIApplicationSceneManifest_Generation = YES;
				INFOPLIST_KEY_UIApplicationSupportsIndirectInputEvents = YES;
				INFOPLIST_KEY_UILaunchScreen_Generation = YES;
				INFOPLIST_KEY_UISupportedInterfaceOrientations_iPad = "UIInterfaceOrientationPortrait UIInterfaceOrientationPortraitUpsideDown UIInterfaceOrientationLandscapeLeft UIInterfaceOrientationLandscapeRight";
				INFOPLIST_KEY_UISupportedInterfaceOrientations_iPhone = "UIInterfaceOrientationPortrait UIInterfaceOrientationLandscapeLeft UIInterfaceOrientationLandscapeRight";
				LD_RUNPATH_SEARCH_PATHS = (
					"$(inherited)",
					"@executable_path/Frameworks",
				);
				MARKETING_VERSION = 1.0;
				PRODUCT_BUNDLE_IDENTIFIER = com.gmail.ntdkhang143.ToyotAssist;
				PRODUCT_NAME = "$(TARGET_NAME)";
				SWIFT_EMIT_LOC_STRINGS = YES;
				SWIFT_VERSION = 5.0;
				TARGETED_DEVICE_FAMILY = "1,2";
			};
			name = Debug;
		};
		4222E1C92AF6D348007764B3 /* Release */ = {
			isa = XCBuildConfiguration;
			buildSettings = {
				ASSETCATALOG_COMPILER_APPICON_NAME = AppIcon;
				ASSETCATALOG_COMPILER_GLOBAL_ACCENT_COLOR_NAME = AccentColor;
				CODE_SIGN_ENTITLEMENTS = ToyotAssist/ToyotAssist.entitlements;
				CODE_SIGN_STYLE = Automatic;
				CURRENT_PROJECT_VERSION = 1;
				DEVELOPMENT_ASSET_PATHS = "\"ToyotAssist/Preview Content\"";
				DEVELOPMENT_TEAM = T76274KP97;
				ENABLE_PREVIEWS = YES;
				GENERATE_INFOPLIST_FILE = YES;
				INFOPLIST_FILE = ToyotAssist/Info.plist;
				INFOPLIST_KEY_UIApplicationSceneManifest_Generation = YES;
				INFOPLIST_KEY_UIApplicationSupportsIndirectInputEvents = YES;
				INFOPLIST_KEY_UILaunchScreen_Generation = YES;
				INFOPLIST_KEY_UISupportedInterfaceOrientations_iPad = "UIInterfaceOrientationPortrait UIInterfaceOrientationPortraitUpsideDown UIInterfaceOrientationLandscapeLeft UIInterfaceOrientationLandscapeRight";
				INFOPLIST_KEY_UISupportedInterfaceOrientations_iPhone = "UIInterfaceOrientationPortrait UIInterfaceOrientationLandscapeLeft UIInterfaceOrientationLandscapeRight";
				LD_RUNPATH_SEARCH_PATHS = (
					"$(inherited)",
					"@executable_path/Frameworks",
				);
				MARKETING_VERSION = 1.0;
				PRODUCT_BUNDLE_IDENTIFIER = com.gmail.ntdkhang143.ToyotAssist;
				PRODUCT_NAME = "$(TARGET_NAME)";
				SWIFT_EMIT_LOC_STRINGS = YES;
				SWIFT_VERSION = 5.0;
				TARGETED_DEVICE_FAMILY = "1,2";
			};
			name = Release;
		};
/* End XCBuildConfiguration section */

/* Begin XCConfigurationList section */
		4222E1B42AF6D346007764B3 /* Build configuration list for PBXProject "ToyotAssist" */ = {
			isa = XCConfigurationList;
			buildConfigurations = (
				4222E1C52AF6D348007764B3 /* Debug */,
				4222E1C62AF6D348007764B3 /* Release */,
			);
			defaultConfigurationIsVisible = 0;
			defaultConfigurationName = Release;
		};
		4222E1C72AF6D348007764B3 /* Build configuration list for PBXNativeTarget "ToyotAssist" */ = {
			isa = XCConfigurationList;
			buildConfigurations = (
				4222E1C82AF6D348007764B3 /* Debug */,
				4222E1C92AF6D348007764B3 /* Release */,
			);
			defaultConfigurationIsVisible = 0;
			defaultConfigurationName = Release;
		};
/* End XCConfigurationList section */

/* Begin XCRemoteSwiftPackageReference section */
		4222E1D22AF6E79F007764B3 /* XCRemoteSwiftPackageReference "firebase-ios-sdk" */ = {
			isa = XCRemoteSwiftPackageReference;
			repositoryURL = "https://github.com/firebase/firebase-ios-sdk";
			requirement = {
				kind = upToNextMajorVersion;
				minimumVersion = 10.17.0;
			};
		};
/* End XCRemoteSwiftPackageReference section */

/* Begin XCSwiftPackageProductDependency section */
		4222E1D32AF6E79F007764B3 /* FirebaseMessaging */ = {
			isa = XCSwiftPackageProductDependency;
			package = 4222E1D22AF6E79F007764B3 /* XCRemoteSwiftPackageReference "firebase-ios-sdk" */;
			productName = FirebaseMessaging;
		};
/* End XCSwiftPackageProductDependency section */
	};
	rootObject = 4222E1B12AF6D346007764B3 /* Project object */;
}
